<?xml version="1.0" encoding="UTF-8"?>
<Scheme
   version = "1.3">
   <BuildAction>
      <BuildActionEntries>
         <BuildActionEntry
            buildForRunning = "YES">
            <BuildableReference
               BuildableIdentifier = "primary"
               BlueprintIdentifier = "0FD005E2273D2BBA0005E714"
               BuildableName = "PokeJournaliOS.app"
               BlueprintName = "PokeJournaliOS"
               ReferencedContainer = "container:PokeJournaliOS.xcodeproj">
            </BuildableReference>
         </BuildActionEntry>
      </BuildActionEntries>
   </BuildAction>
   <LaunchAction
      useCustomWorkingDirectory = "NO"
      buildConfiguration = "Debug"
      allowLocationSimulation = "YES">
      <BuildableProductRunnable>
         <BuildableReference
            BuildableIdentifier = "primary"
            BlueprintIdentifier = "0FD005E2273D2BBA0005E714"
            BuildableName = "PokeJournaliOS.app"
            BlueprintName = "PokeJournaliOS"
            ReferencedContainer = "container:PokeJournaliOS.xcodeproj">
         </BuildableReference>
      </BuildableProductRunnable>
   </LaunchAction>
</Scheme>
